
Microsoft Visual Studio Solution File, Format Version 12.00
# Visual Studio Version 16
VisualStudioVersion = 16.0.29519.87
MinimumVisualStudioVersion = 10.0.40219.1
Project("{FAE04EC0-301F-11D3-BF4B-00C04F79EFBC}") = "WebApplication1", "WebApplication1.csproj", "{B58D3C5F-7AF1-40BB-8C87-D4C3D7B1501D}"
EndProject
Global
	GlobalSection(SolutionConfigurationPlatforms) = preSolution
		Debug|Any CPU = Debug|Any CPU
		Release|Any CPU = Release|Any CPU
	EndGlobalSection
	GlobalSection(ProjectConfigurationPlatforms) = postSolution
		{B58D3C5F-7AF1-40BB-8C87-D4C3D7B1501D}.Debug|Any CPU.ActiveCfg = Debug|Any CPU
		{B58D3C5F-7AF1-40BB-8C87-D4C3D7B1501D}.Debug|Any CPU.Build.0 = Debug|Any CPU
		{B58D3C5F-7AF1-40BB-8C87-D4C3D7B1501D}.Release|Any CPU.ActiveCfg = Release|Any CPU
		{B58D3C5F-7AF1-40BB-8C87-D4C3D7B1501D}.Release|Any CPU.Build.0 = Release|Any CPU
	EndGlobalSection
	GlobalSection(SolutionProperties) = preSolution
		HideSolutionNode = FALSE
	EndGlobalSection
	GlobalSection(ExtensibilityGlobals) = postSolution
		SolutionGuid = {8078B7CF-0294-407F-BD29-1EDDCB7B532B}
	EndGlobalSection
EndGlobal
